
Microsoft Visual Studio Solution File, Format Version 12.00
# Visual Studio Version 17
VisualStudioVersion = 17.14.36202.13
MinimumVisualStudioVersion = 10.0.40219.1
Project("{FAE04EC0-301F-11D3-BF4B-00C04F79EFBC}") = "TestProj", "TestProj\TestProj.csproj", "{6AD5FEF5-406A-4109-8266-826AB99410C5}"
EndProject
Global
	GlobalSection(SolutionConfigurationPlatforms) = preSolution
		Debug|Any CPU = Debug|Any CPU
		new|Any CPU = new|Any CPU
		Release|Any CPU = Release|Any CPU
	EndGlobalSection
	GlobalSection(ProjectConfigurationPlatforms) = postSolution
		{6AD5FEF5-406A-4109-8266-826AB99410C5}.Debug|Any CPU.ActiveCfg = Debug|Any CPU
		{6AD5FEF5-406A-4109-8266-826AB99410C5}.Debug|Any CPU.Build.0 = Debug|Any CPU
		{6AD5FEF5-406A-4109-8266-826AB99410C5}.new|Any CPU.ActiveCfg = new|Any CPU
		{6AD5FEF5-406A-4109-8266-826AB99410C5}.new|Any CPU.Build.0 = new|Any CPU
		{6AD5FEF5-406A-4109-8266-826AB99410C5}.Release|Any CPU.ActiveCfg = Release|Any CPU
		{6AD5FEF5-406A-4109-8266-826AB99410C5}.Release|Any CPU.Build.0 = Release|Any CPU
	EndGlobalSection
	GlobalSection(SolutionProperties) = preSolution
		HideSolutionNode = FALSE
	EndGlobalSection
	GlobalSection(ExtensibilityGlobals) = postSolution
		SolutionGuid = {31BE1212-0B49-46BA-9C61-C2ED04337990}
	EndGlobalSection
EndGlobal
